// !$*UTF8*$!
{
	archiveVersion = 1;
	classes = {
	};
	objectVersion = 46;
	objects = {

/* Begin PBXBuildFile section */
		AD27007B135B119A00C5D820 /* CalculatorBrain.m in Sources */ = {isa = PBXBuildFile; fileRef = AD27007A135B119A00C5D820 /* CalculatorBrain.m */; };
		AD270083135B11B700C5D820 /* 6-5097-luxury-leder-nussbraun-100px.jpg in Resources */ = {isa = PBXBuildFile; fileRef = AD27007E135B11B700C5D820 /* 6-5097-luxury-leder-nussbraun-100px.jpg */; };
		AD270084135B11B700C5D820 /* button Schwarz.png in Resources */ = {isa = PBXBuildFile; fileRef = AD27007F135B11B700C5D820 /* button Schwarz.png */; };
		AD270085135B11B700C5D820 /* buttongrau.png in Resources */ = {isa = PBXBuildFile; fileRef = AD270080135B11B700C5D820 /* buttongrau.png */; };
		AD270086135B11B700C5D820 /* buttonorange.png in Resources */ = {isa = PBXBuildFile; fileRef = AD270081135B11B700C5D820 /* buttonorange.png */; };
		AD270087135B11B700C5D820 /* buttontest.png in Resources */ = {isa = PBXBuildFile; fileRef = AD270082135B11B700C5D820 /* buttontest.png */; };
		AD27008B135B11C800C5D820 /* Default.png in Resources */ = {isa = PBXBuildFile; fileRef = AD270088135B11C800C5D820 /* Default.png */; };
		AD27008C135B11C800C5D820 /* displa.png in Resources */ = {isa = PBXBuildFile; fileRef = AD270089135B11C800C5D820 /* displa.png */; };
		AD27008D135B11C800C5D820 /* eeedvicon.png in Resources */ = {isa = PBXBuildFile; fileRef = AD27008A135B11C800C5D820 /* eeedvicon.png */; };
		AD27008F135B11FB00C5D820 /* AudioToolbox.framework in Frameworks */ = {isa = PBXBuildFile; fileRef = AD27008E135B11FB00C5D820 /* AudioToolbox.framework */; };
		AD7E79EF135785DE006F4DE9 /* UIKit.framework in Frameworks */ = {isa = PBXBuildFile; fileRef = AD7E79EE135785DE006F4DE9 /* UIKit.framework */; };
		AD7E79F1135785DE006F4DE9 /* Foundation.framework in Frameworks */ = {isa = PBXBuildFile; fileRef = AD7E79F0135785DE006F4DE9 /* Foundation.framework */; };
		AD7E79F3135785DE006F4DE9 /* CoreGraphics.framework in Frameworks */ = {isa = PBXBuildFile; fileRef = AD7E79F2135785DE006F4DE9 /* CoreGraphics.framework */; };
		AD7E79F9135785DE006F4DE9 /* InfoPlist.strings in Resources */ = {isa = PBXBuildFile; fileRef = AD7E79F7135785DE006F4DE9 /* InfoPlist.strings */; };
		AD7E79FC135785DE006F4DE9 /* main.m in Sources */ = {isa = PBXBuildFile; fileRef = AD7E79FB135785DE006F4DE9 /* main.m */; };
		AD7E79FF135785DF006F4DE9 /* CalculatorAppDelegate.m in Sources */ = {isa = PBXBuildFile; fileRef = AD7E79FE135785DF006F4DE9 /* CalculatorAppDelegate.m */; };
		AD7E7A02135785DF006F4DE9 /* MainWindow.xib in Resources */ = {isa = PBXBuildFile; fileRef = AD7E7A00135785DF006F4DE9 /* MainWindow.xib */; };
		AD7E7A05135785DF006F4DE9 /* CalculatorViewController.m in Sources */ = {isa = PBXBuildFile; fileRef = AD7E7A04135785DF006F4DE9 /* CalculatorViewController.m */; };
		AD7E7A08135785DF006F4DE9 /* CalculatorViewController.xib in Resources */ = {isa = PBXBuildFile; fileRef = AD7E7A06135785DF006F4DE9 /* CalculatorViewController.xib */; };
		AD7E7A0F135785DF006F4DE9 /* UIKit.framework in Frameworks */ = {isa = PBXBuildFile; fileRef = AD7E79EE135785DE006F4DE9 /* UIKit.framework */; };
		AD7E7A10135785DF006F4DE9 /* Foundation.framework in Frameworks */ = {isa = PBXBuildFile; fileRef = AD7E79F0135785DE006F4DE9 /* Foundation.framework */; };
		AD7E7A11135785DF006F4DE9 /* CoreGraphics.framework in Frameworks */ = {isa = PBXBuildFile; fileRef = AD7E79F2135785DE006F4DE9 /* CoreGraphics.framework */; };
		AD7E7A19135785DF006F4DE9 /* InfoPlist.strings in Resources */ = {isa = PBXBuildFile; fileRef = AD7E7A17135785DF006F4DE9 /* InfoPlist.strings */; };
		AD7E7A1C135785DF006F4DE9 /* CalculatorTests.h in Resources */ = {isa = PBXBuildFile; fileRef = AD7E7A1B135785DF006F4DE9 /* CalculatorTests.h */; };
		AD7E7A1E135785DF006F4DE9 /* CalculatorTests.m in Sources */ = {isa = PBXBuildFile; fileRef = AD7E7A1D135785DF006F4DE9 /* CalculatorTests.m */; };
/* End PBXBuildFile section */

/* Begin PBXContainerItemProxy section */
		AD7E7A12135785DF006F4DE9 /* PBXContainerItemProxy */ = {
			isa = PBXContainerItemProxy;
			containerPortal = AD7E79E1135785DE006F4DE9 /* Project object */;
			proxyType = 1;
			remoteGlobalIDString = AD7E79E9135785DE006F4DE9;
			remoteInfo = Calculator;
		};
/* End PBXContainerItemProxy section */

/* Begin PBXFileReference section */
		AD27007A135B119A00C5D820 /* CalculatorBrain.m */ = {isa = PBXFileReference; fileEncoding = 4; lastKnownFileType = sourcecode.c.objc; path = CalculatorBrain.m; sourceTree = "<group>"; };
		AD27007D135B11A300C5D820 /* CalculatorBrain.h */ = {isa = PBXFileReference; fileEncoding = 4; lastKnownFileType = sourcecode.c.h; path = CalculatorBrain.h; sourceTree = "<group>"; };
		AD27007E135B11B700C5D820 /* 6-5097-luxury-leder-nussbraun-100px.jpg */ = {isa = PBXFileReference; lastKnownFileType = image.jpeg; path = "6-5097-luxury-leder-nussbraun-100px.jpg"; sourceTree = SOURCE_ROOT; };
		AD27007F135B11B700C5D820 /* button Schwarz.png */ = {isa = PBXFileReference; lastKnownFileType = image.png; path = "button Schwarz.png"; sourceTree = SOURCE_ROOT; };
		AD270080135B11B700C5D820 /* buttongrau.png */ = {isa = PBXFileReference; lastKnownFileType = image.png; path = buttongrau.png; sourceTree = SOURCE_ROOT; };
		AD270081135B11B700C5D820 /* buttonorange.png */ = {isa = PBXFileReference; lastKnownFileType = image.png; path = buttonorange.png; sourceTree = SOURCE_ROOT; };
		AD270082135B11B700C5D820 /* buttontest.png */ = {isa = PBXFileReference; lastKnownFileType = image.png; path = buttontest.png; sourceTree = SOURCE_ROOT; };
		AD270088135B11C800C5D820 /* Default.png */ = {isa = PBXFileReference; lastKnownFileType = image.png; path = Default.png; sourceTree = SOURCE_ROOT; };
		AD270089135B11C800C5D820 /* displa.png */ = {isa = PBXFileReference; lastKnownFileType = image.png; path = displa.png; sourceTree = SOURCE_ROOT; };
		AD27008A135B11C800C5D820 /* eeedvicon.png */ = {isa = PBXFileReference; lastKnownFileType = image.png; path = eeedvicon.png; sourceTree = SOURCE_ROOT; };
		AD27008E135B11FB00C5D820 /* AudioToolbox.framework */ = {isa = PBXFileReference; lastKnownFileType = wrapper.framework; name = AudioToolbox.framework; path = System/Library/Frameworks/AudioToolbox.framework; sourceTree = SDKROOT; };
		AD7E79EA135785DE006F4DE9 /* Calculator.app */ = {isa = PBXFileReference; explicitFileType = wrapper.application; includeInIndex = 0; path = Calculator.app; sourceTree = BUILT_PRODUCTS_DIR; };
		AD7E79EE135785DE006F4DE9 /* UIKit.framework */ = {isa = PBXFileReference; lastKnownFileType = wrapper.framework; name = UIKit.framework; path = System/Library/Frameworks/UIKit.framework; sourceTree = SDKROOT; };
		AD7E79F0135785DE006F4DE9 /* Foundation.framework */ = {isa = PBXFileReference; lastKnownFileType = wrapper.framework; name = Foundation.framework; path = System/Library/Frameworks/Foundation.framework; sourceTree = SDKROOT; };
		AD7E79F2135785DE006F4DE9 /* CoreGraphics.framework */ = {isa = PBXFileReference; lastKnownFileType = wrapper.framework; name = CoreGraphics.framework; path = System/Library/Frameworks/CoreGraphics.framework; sourceTree = SDKROOT; };
		AD7E79F6135785DE006F4DE9 /* Calculator-Info.plist */ = {isa = PBXFileReference; lastKnownFileType = text.plist.xml; path = "Calculator-Info.plist"; sourceTree = "<group>"; };
		AD7E79F8135785DE006F4DE9 /* en */ = {isa = PBXFileReference; lastKnownFileType = text.plist.strings; name = en; path = en.lproj/InfoPlist.strings; sourceTree = "<group>"; };
		AD7E79FA135785DE006F4DE9 /* Calculator-Prefix.pch */ = {isa = PBXFileReference; lastKnownFileType = sourcecode.c.h; path = "Calculator-Prefix.pch"; sourceTree = "<group>"; };
		AD7E79FB135785DE006F4DE9 /* main.m */ = {isa = PBXFileReference; lastKnownFileType = sourcecode.c.objc; path = main.m; sourceTree = "<group>"; };
		AD7E79FD135785DE006F4DE9 /* CalculatorAppDelegate.h */ = {isa = PBXFileReference; lastKnownFileType = sourcecode.c.h; path = CalculatorAppDelegate.h; sourceTree = "<group>"; };
		AD7E79FE135785DF006F4DE9 /* CalculatorAppDelegate.m */ = {isa = PBXFileReference; lastKnownFileType = sourcecode.c.objc; path = CalculatorAppDelegate.m; sourceTree = "<group>"; };
		AD7E7A01135785DF006F4DE9 /* en */ = {isa = PBXFileReference; lastKnownFileType = file.xib; name = en; path = en.lproj/MainWindow.xib; sourceTree = "<group>"; };
		AD7E7A03135785DF006F4DE9 /* CalculatorViewController.h */ = {isa = PBXFileReference; lastKnownFileType = sourcecode.c.h; path = CalculatorViewController.h; sourceTree = "<group>"; };
		AD7E7A04135785DF006F4DE9 /* CalculatorViewController.m */ = {isa = PBXFileReference; lastKnownFileType = sourcecode.c.objc; path = CalculatorViewController.m; sourceTree = "<group>"; };
		AD7E7A07135785DF006F4DE9 /* en */ = {isa = PBXFileReference; lastKnownFileType = file.xib; name = en; path = en.lproj/CalculatorViewController.xib; sourceTree = "<group>"; };
		AD7E7A0E135785DF006F4DE9 /* CalculatorTests.octest */ = {isa = PBXFileReference; explicitFileType = wrapper.cfbundle; includeInIndex = 0; path = CalculatorTests.octest; sourceTree = BUILT_PRODUCTS_DIR; };
		AD7E7A16135785DF006F4DE9 /* CalculatorTests-Info.plist */ = {isa = PBXFileReference; lastKnownFileType = text.plist.xml; path = "CalculatorTests-Info.plist"; sourceTree = "<group>"; };
		AD7E7A18135785DF006F4DE9 /* en */ = {isa = PBXFileReference; lastKnownFileType = text.plist.strings; name = en; path = en.lproj/InfoPlist.strings; sourceTree = "<group>"; };
		AD7E7A1A135785DF006F4DE9 /* CalculatorTests-Prefix.pch */ = {isa = PBXFileReference; lastKnownFileType = sourcecode.c.h; path = "CalculatorTests-Prefix.pch"; sourceTree = "<group>"; };
		AD7E7A1B135785DF006F4DE9 /* CalculatorTests.h */ = {isa = PBXFileReference; lastKnownFileType = sourcecode.c.h; path = CalculatorTests.h; sourceTree = "<group>"; };
		AD7E7A1D135785DF006F4DE9 /* CalculatorTests.m */ = {isa = PBXFileReference; lastKnownFileType = sourcecode.c.objc; path = CalculatorTests.m; sourceTree = "<group>"; };
/* End PBXFileReference section */

/* Begin PBXFrameworksBuildPhase section */
		AD7E79E7135785DE006F4DE9 /* Frameworks */ = {
			isa = PBXFrameworksBuildPhase;
			buildActionMask = 2147483647;
			files = (
				AD27008F135B11FB00C5D820 /* AudioToolbox.framework in Frameworks */,
				AD7E79EF135785DE006F4DE9 /* UIKit.framework in Frameworks */,
				AD7E79F1135785DE006F4DE9 /* Foundation.framework in Frameworks */,
				AD7E79F3135785DE006F4DE9 /* CoreGraphics.framework in Frameworks */,
			);
			runOnlyForDeploymentPostprocessing = 0;
		};
		AD7E7A0A135785DF006F4DE9 /* Frameworks */ = {
			isa = PBXFrameworksBuildPhase;
			buildActionMask = 2147483647;
			files = (
				AD7E7A0F135785DF006F4DE9 /* UIKit.framework in Frameworks */,
				AD7E7A10135785DF006F4DE9 /* Foundation.framework in Frameworks */,
				AD7E7A11135785DF006F4DE9 /* CoreGraphics.framework in Frameworks */,
			);
			runOnlyForDeploymentPostprocessing = 0;
		};
/* End PBXFrameworksBuildPhase section */

/* Begin PBXGroup section */
		AD7E79DF135785DE006F4DE9 = {
			isa = PBXGroup;
			children = (
				AD7E79F4135785DE006F4DE9 /* Calculator */,
				AD7E7A14135785DF006F4DE9 /* CalculatorTests */,
				AD7E79ED135785DE006F4DE9 /* Frameworks */,
				AD7E79EB135785DE006F4DE9 /* Products */,
			);
			sourceTree = "<group>";
		};
		AD7E79EB135785DE006F4DE9 /* Products */ = {
			isa = PBXGroup;
			children = (
				AD7E79EA135785DE006F4DE9 /* Calculator.app */,
				AD7E7A0E135785DF006F4DE9 /* CalculatorTests.octest */,
			);
			name = Products;
			sourceTree = "<group>";
		};
		AD7E79ED135785DE006F4DE9 /* Frameworks */ = {
			isa = PBXGroup;
			children = (
				AD27008E135B11FB00C5D820 /* AudioToolbox.framework */,
				AD7E79EE135785DE006F4DE9 /* UIKit.framework */,
				AD7E79F0135785DE006F4DE9 /* Foundation.framework */,
				AD7E79F2135785DE006F4DE9 /* CoreGraphics.framework */,
			);
			name = Frameworks;
			sourceTree = "<group>";
		};
		AD7E79F4135785DE006F4DE9 /* Calculator */ = {
			isa = PBXGroup;
			children = (
				AD7E79FD135785DE006F4DE9 /* CalculatorAppDelegate.h */,
				AD7E79FE135785DF006F4DE9 /* CalculatorAppDelegate.m */,
				AD27007E135B11B700C5D820 /* 6-5097-luxury-leder-nussbraun-100px.jpg */,
				AD270088135B11C800C5D820 /* Default.png */,
				AD270089135B11C800C5D820 /* displa.png */,
				AD27008A135B11C800C5D820 /* eeedvicon.png */,
				AD27007F135B11B700C5D820 /* button Schwarz.png */,
				AD270080135B11B700C5D820 /* buttongrau.png */,
				AD270081135B11B700C5D820 /* buttonorange.png */,
				AD270082135B11B700C5D820 /* buttontest.png */,
				AD7E7A00135785DF006F4DE9 /* MainWindow.xib */,
				AD7E7A03135785DF006F4DE9 /* CalculatorViewController.h */,
				AD7E7A04135785DF006F4DE9 /* CalculatorViewController.m */,
				AD27007D135B11A300C5D820 /* CalculatorBrain.h */,
				AD27007A135B119A00C5D820 /* CalculatorBrain.m */,
				AD7E7A06135785DF006F4DE9 /* CalculatorViewController.xib */,
				AD7E79F5135785DE006F4DE9 /* Supporting Files */,
			);
			path = Calculator;
			sourceTree = "<group>";
		};
		AD7E79F5135785DE006F4DE9 /* Supporting Files */ = {
			isa = PBXGroup;
			children = (
				AD7E79F6135785DE006F4DE9 /* Calculator-Info.plist */,
				AD7E79F7135785DE006F4DE9 /* InfoPlist.strings */,
				AD7E79FA135785DE006F4DE9 /* Calculator-Prefix.pch */,
				AD7E79FB135785DE006F4DE9 /* main.m */,
			);
			name = "Supporting Files";
			sourceTree = "<group>";
		};
		AD7E7A14135785DF006F4DE9 /* CalculatorTests */ = {
			isa = PBXGroup;
			children = (
				AD7E7A1B135785DF006F4DE9 /* CalculatorTests.h */,
				AD7E7A1D135785DF006F4DE9 /* CalculatorTests.m */,
				AD7E7A15135785DF006F4DE9 /* Supporting Files */,
			);
			path = CalculatorTests;
			sourceTree = "<group>";
		};
		AD7E7A15135785DF006F4DE9 /* Supporting Files */ = {
			isa = PBXGroup;
			children = (
				AD7E7A16135785DF006F4DE9 /* CalculatorTests-Info.plist */,
				AD7E7A17135785DF006F4DE9 /* InfoPlist.strings */,
				AD7E7A1A135785DF006F4DE9 /* CalculatorTests-Prefix.pch */,
			);
			name = "Supporting Files";
			sourceTree = "<group>";
		};
/* End PBXGroup section */

/* Begin PBXNativeTarget section */
		AD7E79E9135785DE006F4DE9 /* Calculator */ = {
			isa = PBXNativeTarget;
			buildConfigurationList = AD7E7A21135785DF006F4DE9 /* Build configuration list for PBXNativeTarget "Calculator" */;
			buildPhases = (
				AD7E79E6135785DE006F4DE9 /* Sources */,
				AD7E79E7135785DE006F4DE9 /* Frameworks */,
				AD7E79E8135785DE006F4DE9 /* Resources */,
				AD270090135B120600C5D820 /* ShellScript */,
			);
			buildRules = (
			);
			dependencies = (
			);
			name = Calculator;
			productName = Calculator;
			productReference = AD7E79EA135785DE006F4DE9 /* Calculator.app */;
			productType = "com.apple.product-type.application";
		};
		AD7E7A0D135785DF006F4DE9 /* CalculatorTests */ = {
			isa = PBXNativeTarget;
			buildConfigurationList = AD7E7A24135785DF006F4DE9 /* Build configuration list for PBXNativeTarget "CalculatorTests" */;
			buildPhases = (
				AD7E7A09135785DF006F4DE9 /* Sources */,
				AD7E7A0A135785DF006F4DE9 /* Frameworks */,
				AD7E7A0B135785DF006F4DE9 /* Resources */,
				AD7E7A0C135785DF006F4DE9 /* ShellScript */,
			);
			buildRules = (
			);
			dependencies = (
				AD7E7A13135785DF006F4DE9 /* PBXTargetDependency */,
			);
			name = CalculatorTests;
			productName = CalculatorTests;
			productReference = AD7E7A0E135785DF006F4DE9 /* CalculatorTests.octest */;
			productType = "com.apple.product-type.bundle";
		};
/* End PBXNativeTarget section */

/* Begin PBXProject section */
		AD7E79E1135785DE006F4DE9 /* Project object */ = {
			isa = PBXProject;
			buildConfigurationList = AD7E79E4135785DE006F4DE9 /* Build configuration list for PBXProject "Calculator" */;
			compatibilityVersion = "Xcode 3.2";
			developmentRegion = English;
			hasScannedForEncodings = 0;
			knownRegions = (
				en,
			);
			mainGroup = AD7E79DF135785DE006F4DE9;
			productRefGroup = AD7E79EB135785DE006F4DE9 /* Products */;
			projectDirPath = "";
			projectRoot = "";
			targets = (
				AD7E79E9135785DE006F4DE9 /* Calculator */,
				AD7E7A0D135785DF006F4DE9 /* CalculatorTests */,
			);
		};
/* End PBXProject section */

/* Begin PBXResourcesBuildPhase section */
		AD7E79E8135785DE006F4DE9 /* Resources */ = {
			isa = PBXResourcesBuildPhase;
			buildActionMask = 2147483647;
			files = (
				AD7E79F9135785DE006F4DE9 /* InfoPlist.strings in Resources */,
				AD7E7A02135785DF006F4DE9 /* MainWindow.xib in Resources */,
				AD7E7A08135785DF006F4DE9 /* CalculatorViewController.xib in Resources */,
				AD270083135B11B700C5D820 /* 6-5097-luxury-leder-nussbraun-100px.jpg in Resources */,
				AD270084135B11B700C5D820 /* button Schwarz.png in Resources */,
				AD270085135B11B700C5D820 /* buttongrau.png in Resources */,
				AD270086135B11B700C5D820 /* buttonorange.png in Resources */,
				AD270087135B11B700C5D820 /* buttontest.png in Resources */,
				AD27008B135B11C800C5D820 /* Default.png in Resources */,
				AD27008C135B11C800C5D820 /* displa.png in Resources */,
				AD27008D135B11C800C5D820 /* eeedvicon.png in Resources */,
			);
			runOnlyForDeploymentPostprocessing = 0;
		};
		AD7E7A0B135785DF006F4DE9 /* Resources */ = {
			isa = PBXResourcesBuildPhase;
			buildActionMask = 2147483647;
			files = (
				AD7E7A19135785DF006F4DE9 /* InfoPlist.strings in Resources */,
				AD7E7A1C135785DF006F4DE9 /* CalculatorTests.h in Resources */,
			);
			runOnlyForDeploymentPostprocessing = 0;
		};
/* End PBXResourcesBuildPhase section */

/* Begin PBXShellScriptBuildPhase section */
		AD270090135B120600C5D820 /* ShellScript */ = {
			isa = PBXShellScriptBuildPhase;
			buildActionMask = 8;
			files = (
			);
			inputPaths = (
			);
			outputPaths = (
			);
			runOnlyForDeploymentPostprocessing = 1;
			shellPath = /bin/sh;
			shellScript = "export CODESIGN_ALLOCATE=/Developer/Platforms/iPhoneOS.platform/Developer/usr/bin/codesign_allocate\nif [ \"${PLATFORM_NAME}\" == \"iphoneos\" ]; then\n/Developer/iphoneentitlements401/gen_entitlements.py \"my.company.${PROJECT_NAME}\" \"${BUILT_PRODUCTS_DIR}/${WRAPPER_NAME}/${PROJECT_NAME}.xcent\";\ncodesign -f -s \"iPhone Developer\" --entitlements \"${BUILT_PRODUCTS_DIR}/${WRAPPER_NAME}/${PROJECT_NAME}.xcent\" \"${BUILT_PRODUCTS_DIR}/${WRAPPER_NAME}/\"\nfi";
		};
		AD7E7A0C135785DF006F4DE9 /* ShellScript */ = {
			isa = PBXShellScriptBuildPhase;
			buildActionMask = 2147483647;
			files = (
			);
			inputPaths = (
			);
			outputPaths = (
			);
			runOnlyForDeploymentPostprocessing = 0;
			shellPath = /bin/sh;
			shellScript = "# Run the unit tests in this test bundle.\n\"${SYSTEM_DEVELOPER_DIR}/Tools/RunUnitTests\"\n";
		};
/* End PBXShellScriptBuildPhase section */

/* Begin PBXSourcesBuildPhase section */
		AD7E79E6135785DE006F4DE9 /* Sources */ = {
			isa = PBXSourcesBuildPhase;
			buildActionMask = 2147483647;
			files = (
				AD7E79FC135785DE006F4DE9 /* main.m in Sources */,
				AD7E79FF135785DF006F4DE9 /* CalculatorAppDelegate.m in Sources */,
				AD7E7A05135785DF006F4DE9 /* CalculatorViewController.m in Sources */,
				AD27007B135B119A00C5D820 /* CalculatorBrain.m in Sources */,
			);
			runOnlyForDeploymentPostprocessing = 0;
		};
		AD7E7A09135785DF006F4DE9 /* Sources */ = {
			isa = PBXSourcesBuildPhase;
			buildActionMask = 2147483647;
			files = (
				AD7E7A1E135785DF006F4DE9 /* CalculatorTests.m in Sources */,
			);
			runOnlyForDeploymentPostprocessing = 0;
		};
/* End PBXSourcesBuildPhase section */

/* Begin PBXTargetDependency section */
		AD7E7A13135785DF006F4DE9 /* PBXTargetDependency */ = {
			isa = PBXTargetDependency;
			target = AD7E79E9135785DE006F4DE9 /* Calculator */;
			targetProxy = AD7E7A12135785DF006F4DE9 /* PBXContainerItemProxy */;
		};
/* End PBXTargetDependency section */

/* Begin PBXVariantGroup section */
		AD7E79F7135785DE006F4DE9 /* InfoPlist.strings */ = {
			isa = PBXVariantGroup;
			children = (
				AD7E79F8135785DE006F4DE9 /* en */,
			);
			name = InfoPlist.strings;
			sourceTree = "<group>";
		};
		AD7E7A00135785DF006F4DE9 /* MainWindow.xib */ = {
			isa = PBXVariantGroup;
			children = (
				AD7E7A01135785DF006F4DE9 /* en */,
			);
			name = MainWindow.xib;
			sourceTree = "<group>";
		};
		AD7E7A06135785DF006F4DE9 /* CalculatorViewController.xib */ = {
			isa = PBXVariantGroup;
			children = (
				AD7E7A07135785DF006F4DE9 /* en */,
			);
			name = CalculatorViewController.xib;
			sourceTree = "<group>";
		};
		AD7E7A17135785DF006F4DE9 /* InfoPlist.strings */ = {
			isa = PBXVariantGroup;
			children = (
				AD7E7A18135785DF006F4DE9 /* en */,
			);
			name = InfoPlist.strings;
			sourceTree = "<group>";
		};
/* End PBXVariantGroup section */

/* Begin XCBuildConfiguration section */
		AD7E7A1F135785DF006F4DE9 /* Debug */ = {
			isa = XCBuildConfiguration;
			buildSettings = {
				ARCHS = "$(ARCHS_STANDARD_32_BIT)";
				"CODE_SIGN_IDENTITY[sdk=iphoneos*]" = "";
				GCC_C_LANGUAGE_STANDARD = gnu99;
				GCC_OPTIMIZATION_LEVEL = 0;
				GCC_PREPROCESSOR_DEFINITIONS = DEBUG;
				GCC_SYMBOLS_PRIVATE_EXTERN = NO;
				GCC_VERSION = com.apple.compilers.llvmgcc42;
				GCC_WARN_ABOUT_RETURN_TYPE = YES;
				GCC_WARN_UNUSED_VARIABLE = YES;
				IPHONEOS_DEPLOYMENT_TARGET = 4.3;
				SDKROOT = iphoneos;
			};
			name = Debug;
		};
		AD7E7A20135785DF006F4DE9 /* Release */ = {
			isa = XCBuildConfiguration;
			buildSettings = {
				ARCHS = "$(ARCHS_STANDARD_32_BIT)";
				"CODE_SIGN_IDENTITY[sdk=iphoneos*]" = "";
				GCC_C_LANGUAGE_STANDARD = gnu99;
				GCC_VERSION = com.apple.compilers.llvmgcc42;
				GCC_WARN_ABOUT_RETURN_TYPE = YES;
				GCC_WARN_UNUSED_VARIABLE = YES;
				IPHONEOS_DEPLOYMENT_TARGET = 4.3;
				OTHER_CFLAGS = "-DNS_BLOCK_ASSERTIONS=1";
				SDKROOT = iphoneos;
			};
			name = Release;
		};
		AD7E7A22135785DF006F4DE9 /* Debug */ = {
			isa = XCBuildConfiguration;
			buildSettings = {
				ALWAYS_SEARCH_USER_PATHS = NO;
				COPY_PHASE_STRIP = NO;
				GCC_DYNAMIC_NO_PIC = NO;
				GCC_PRECOMPILE_PREFIX_HEADER = YES;
				GCC_PREFIX_HEADER = "Calculator/Calculator-Prefix.pch";
				INFOPLIST_FILE = "Calculator/Calculator-Info.plist";
				PRODUCT_NAME = "$(TARGET_NAME)";
				WRAPPER_EXTENSION = app;
			};
			name = Debug;
		};
		AD7E7A23135785DF006F4DE9 /* Release */ = {
			isa = XCBuildConfiguration;
			buildSettings = {
				ALWAYS_SEARCH_USER_PATHS = NO;
				COPY_PHASE_STRIP = YES;
				GCC_PRECOMPILE_PREFIX_HEADER = YES;
				GCC_PREFIX_HEADER = "Calculator/Calculator-Prefix.pch";
				INFOPLIST_FILE = "Calculator/Calculator-Info.plist";
				PRODUCT_NAME = "$(TARGET_NAME)";
				VALIDATE_PRODUCT = YES;
				WRAPPER_EXTENSION = app;
			};
			name = Release;
		};
		AD7E7A25135785DF006F4DE9 /* Debug */ = {
			isa = XCBuildConfiguration;
			buildSettings = {
				ALWAYS_SEARCH_USER_PATHS = NO;
				BUNDLE_LOADER = "$(BUILT_PRODUCTS_DIR)/Calculator.app/Calculator";
				FRAMEWORK_SEARCH_PATHS = (
					"$(SDKROOT)/Developer/Library/Frameworks",
					"$(DEVELOPER_LIBRARY_DIR)/Frameworks",
				);
				GCC_PRECOMPILE_PREFIX_HEADER = YES;
				GCC_PREFIX_HEADER = "CalculatorTests/CalculatorTests-Prefix.pch";
				INFOPLIST_FILE = "CalculatorTests/CalculatorTests-Info.plist";
				OTHER_LDFLAGS = (
					"-framework",
					SenTestingKit,
				);
				PRODUCT_NAME = "$(TARGET_NAME)";
				TEST_HOST = "$(BUNDLE_LOADER)";
				WRAPPER_EXTENSION = octest;
			};
			name = Debug;
		};
		AD7E7A26135785DF006F4DE9 /* Release */ = {
			isa = XCBuildConfiguration;
			buildSettings = {
				ALWAYS_SEARCH_USER_PATHS = NO;
				BUNDLE_LOADER = "$(BUILT_PRODUCTS_DIR)/Calculator.app/Calculator";
				FRAMEWORK_SEARCH_PATHS = (
					"$(SDKROOT)/Developer/Library/Frameworks",
					"$(DEVELOPER_LIBRARY_DIR)/Frameworks",
				);
				GCC_PRECOMPILE_PREFIX_HEADER = YES;
				GCC_PREFIX_HEADER = "CalculatorTests/CalculatorTests-Prefix.pch";
				INFOPLIST_FILE = "CalculatorTests/CalculatorTests-Info.plist";
				OTHER_LDFLAGS = (
					"-framework",
					SenTestingKit,
				);
				PRODUCT_NAME = "$(TARGET_NAME)";
				TEST_HOST = "$(BUNDLE_LOADER)";
				WRAPPER_EXTENSION = octest;
			};
			name = Release;
		};
/* End XCBuildConfiguration section */

/* Begin XCConfigurationList section */
		AD7E79E4135785DE006F4DE9 /* Build configuration list for PBXProject "Calculator" */ = {
			isa = XCConfigurationList;
			buildConfigurations = (
				AD7E7A1F135785DF006F4DE9 /* Debug */,
				AD7E7A20135785DF006F4DE9 /* Release */,
			);
			defaultConfigurationIsVisible = 0;
			defaultConfigurationName = Release;
		};
		AD7E7A21135785DF006F4DE9 /* Build configuration list for PBXNativeTarget "Calculator" */ = {
			isa = XCConfigurationList;
			buildConfigurations = (
				AD7E7A22135785DF006F4DE9 /* Debug */,
				AD7E7A23135785DF006F4DE9 /* Release */,
			);
			defaultConfigurationIsVisible = 0;
			defaultConfigurationName = Release;
		};
		AD7E7A24135785DF006F4DE9 /* Build configuration list for PBXNativeTarget "CalculatorTests" */ = {
			isa = XCConfigurationList;
			buildConfigurations = (
				AD7E7A25135785DF006F4DE9 /* Debug */,
				AD7E7A26135785DF006F4DE9 /* Release */,
			);
			defaultConfigurationIsVisible = 0;
			defaultConfigurationName = Release;
		};
/* End XCConfigurationList section */
	};
	rootObject = AD7E79E1135785DE006F4DE9 /* Project object */;
}
